
Microsoft Visual Studio Solution File, Format Version 12.00
# Visual Studio 15
VisualStudioVersion = 15.0.27004.2005
MinimumVisualStudioVersion = 10.0.40219.1
Project("{2150E333-8FDC-42A3-9474-1A3956D46DE8}") = "Entities", "Entities", "{95022D35-5E0F-48D2-BA6A-7FBF8B4E03B5}"
EndProject
Project("{FAE04EC0-301F-11D3-BF4B-00C04F79EFBC}") = "TestMain", "TestMain\TestMain.csproj", "{765C6E13-2EC2-4A0C-891B-03B0B1367047}"
EndProject
Project("{2150E333-8FDC-42A3-9474-1A3956D46DE8}") = "Repository", "Repository", "{FE1C49CD-4C05-4B29-872A-236D2279C1CD}"
EndProject
Project("{2150E333-8FDC-42A3-9474-1A3956D46DE8}") = "Services", "Services", "{1A599644-EE45-4387-AA78-66E6B7098356}"
EndProject
Project("{2150E333-8FDC-42A3-9474-1A3956D46DE8}") = "Facade", "Facade", "{9A384E85-34EB-40F2-8E5B-08708BC438D2}"
EndProject
Project("{2150E333-8FDC-42A3-9474-1A3956D46DE8}") = "UI", "UI", "{BA533F5B-6E78-4407-BB94-DC0E18568864}"
EndProject
Project("{2150E333-8FDC-42A3-9474-1A3956D46DE8}") = "Integration", "Integration", "{84C1E417-D75D-4F92-8DA0-5EA9A76FEFD0}"
EndProject
Project("{FAE04EC0-301F-11D3-BF4B-00C04F79EFBC}") = "SalesRepository", "SalesRepository\SalesRepository.csproj", "{0AC2D83A-923D-423C-9E9C-3CAE41249FEA}"
EndProject
Project("{FAE04EC0-301F-11D3-BF4B-00C04F79EFBC}") = "AccountingRepository", "AccountingRepository\AccountingRepository.csproj", "{0E81924F-A21B-47B9-BD50-49E8006C813E}"
EndProject
Project("{FAE04EC0-301F-11D3-BF4B-00C04F79EFBC}") = "WarehouseRepository", "WarehouseRepository\WarehouseRepository.csproj", "{DEA992FA-422C-4BF1-8C31-72BC24D8D9A8}"
EndProject
Project("{FAE04EC0-301F-11D3-BF4B-00C04F79EFBC}") = "WarehouseRepositoryAPI", "RepositoryAPI\WarehouseRepositoryAPI.csproj", "{C1ED3ED6-8528-4276-A350-0F1447A0EC17}"
EndProject
Project("{FAE04EC0-301F-11D3-BF4B-00C04F79EFBC}") = "SalesRepositoryAPI", "SalesRepositoryAPI\SalesRepositoryAPI.csproj", "{90F44BD5-5984-41DA-BC31-8201B01D786C}"
EndProject
Project("{FAE04EC0-301F-11D3-BF4B-00C04F79EFBC}") = "AccountingRepositoryAPI", "AccountingRepositoryAPI\AccountingRepositoryAPI.csproj", "{4143F492-F8BB-4068-92AF-D880AAFACE82}"
EndProject
Project("{FAE04EC0-301F-11D3-BF4B-00C04F79EFBC}") = "FinanceAccounting", "FinanceAccounting\FinanceAccounting.csproj", "{A78B60BE-D9AA-449A-95F6-81607DDDE197}"
EndProject
Project("{FAE04EC0-301F-11D3-BF4B-00C04F79EFBC}") = "SeniorSales", "PaperSales\SeniorSales.csproj", "{C966A8CF-40BD-4448-BF19-E5DE839A3B74}"
EndProject
Project("{FAE04EC0-301F-11D3-BF4B-00C04F79EFBC}") = "AssociateSales", "PrinterSales\AssociateSales.csproj", "{BDD39A50-96F3-4A72-898C-98E3CDAD6376}"
EndProject
Project("{FAE04EC0-301F-11D3-BF4B-00C04F79EFBC}") = "PaperDivision", "ImportWarehouse\PaperDivision.csproj", "{EB08F13D-4A90-41AB-83A9-8A62C74993B7}"
EndProject
Project("{FAE04EC0-301F-11D3-BF4B-00C04F79EFBC}") = "PrinterDivision", "ExportWarehouse\PrinterDivision.csproj", "{2D222F67-F2EC-4236-B75C-36E2CE32A36E}"
EndProject
Project("{2150E333-8FDC-42A3-9474-1A3956D46DE8}") = "Sales", "Sales", "{9A1B92CA-F10A-4BF8-AA58-8591512434CC}"
EndProject
Project("{2150E333-8FDC-42A3-9474-1A3956D46DE8}") = "Accounting", "Accounting", "{0532235A-C73F-4710-9B87-80113579765F}"
EndProject
Project("{2150E333-8FDC-42A3-9474-1A3956D46DE8}") = "Warehouse", "Warehouse", "{09F46C72-0532-406E-8792-1DD83998FEFA}"
EndProject
Project("{FAE04EC0-301F-11D3-BF4B-00C04F79EFBC}") = "ManagementAccounting", "ManagementAccounting\ManagementAccounting.csproj", "{148445F0-8EBA-4EAC-9ABC-500A3F4CC3E3}"
EndProject
Project("{FAE04EC0-301F-11D3-BF4B-00C04F79EFBC}") = "AccountingAPI", "AccountingAPI\AccountingAPI.csproj", "{D2FA3592-3E4E-4A40-B916-983D05192264}"
EndProject
Project("{FAE04EC0-301F-11D3-BF4B-00C04F79EFBC}") = "SalesAPI", "SalesAPI\SalesAPI.csproj", "{DF2FD2A0-AB82-4960-B97A-D9B6891AC989}"
EndProject
Project("{FAE04EC0-301F-11D3-BF4B-00C04F79EFBC}") = "WarehouseAPI", "WarehouseAPI\WarehouseAPI.csproj", "{FDC3148B-9076-4B01-BDA2-BA6261A5B7DF}"
EndProject
Project("{FAE04EC0-301F-11D3-BF4B-00C04F79EFBC}") = "Gmail", "Mail\Gmail.csproj", "{9893DEF9-5837-4ECD-8BF4-DD01E2A79980}"
EndProject
Project("{FAE04EC0-301F-11D3-BF4B-00C04F79EFBC}") = "MailAPI", "MailAPI\MailAPI.csproj", "{9F36D851-2BC8-4632-977B-4D1E85310060}"
EndProject
Project("{FAE04EC0-301F-11D3-BF4B-00C04F79EFBC}") = "ProductMaintenanceServiceApi", "WarehouseServiceApi\ProductMaintenanceServiceApi.csproj", "{E14D44B6-11C8-44BA-8C59-D72732773120}"
EndProject
Project("{FAE04EC0-301F-11D3-BF4B-00C04F79EFBC}") = "ConsoleUI", "ConsoleUI\ConsoleUI.csproj", "{14828355-47E2-4AF9-A522-935575B04FDB}"
EndProject
Project("{2150E333-8FDC-42A3-9474-1A3956D46DE8}") = "Mail", "Mail", "{8BEDAAD3-7425-467B-8B65-E52E820D255A}"
EndProject
Project("{FAE04EC0-301F-11D3-BF4B-00C04F79EFBC}") = "UIApi", "UIApi\UIApi.csproj", "{D1D2C19D-B478-4F2A-B1D4-537B1BFCAF08}"
EndProject
Project("{FAE04EC0-301F-11D3-BF4B-00C04F79EFBC}") = "OrderServiceApi", "OrderServiceApi\OrderServiceApi.csproj", "{C1567598-75B5-4571-9C60-351A293CEE72}"
EndProject
Project("{FAE04EC0-301F-11D3-BF4B-00C04F79EFBC}") = "SalesmanServiceApi", "SalesmanServiceApi\SalesmanServiceApi.csproj", "{A617DC25-2062-43EC-91CD-6D4A07B494F2}"
EndProject
Project("{FAE04EC0-301F-11D3-BF4B-00C04F79EFBC}") = "OrderWithCommissions", "OrderWithCommissions\OrderWithCommissions.csproj", "{AD8B2104-BA23-4081-9654-B1BA477A261C}"
EndProject
Project("{FAE04EC0-301F-11D3-BF4B-00C04F79EFBC}") = "OrderWithoutCommissions", "OrderWithoutCommissions\OrderWithoutCommissions.csproj", "{CC5A029C-544F-4BE2-AE2B-8D3EE0077F94}"
EndProject
Project("{FAE04EC0-301F-11D3-BF4B-00C04F79EFBC}") = "NormalSalesman", "NormalSalesman\NormalSalesman.csproj", "{CF3AAC8D-A2BA-4183-B599-76841626B7C1}"
EndProject
Project("{2150E333-8FDC-42A3-9474-1A3956D46DE8}") = "Sales", "Sales", "{C6B9D7F3-4EB6-4BC5-BFE1-70B4817D92F2}"
EndProject
Project("{FAE04EC0-301F-11D3-BF4B-00C04F79EFBC}") = "NormalProductMaintenance", "NormalProductMaintenance\NormalProductMaintenance.csproj", "{7B8AF1D6-E064-44EA-A66F-D206CB58095C}"
EndProject
Project("{FAE04EC0-301F-11D3-BF4B-00C04F79EFBC}") = "AutoOrderProductMaintenance", "AutoOrderProductMaintenance\AutoOrderProductMaintenance.csproj", "{CC661C9F-E9B1-47B4-BD68-8057F12FBD58}"
EndProject
Project("{2150E333-8FDC-42A3-9474-1A3956D46DE8}") = "Warehouse", "Warehouse", "{243224A6-B2F3-4EFA-843E-4D8ED95448A9}"
EndProject
Project("{FAE04EC0-301F-11D3-BF4B-00C04F79EFBC}") = "ReportServiceApi", "ReportServiceApi\ReportServiceApi.csproj", "{24C0C0DD-88D5-4B23-89E6-1D3C5A2C1328}"
EndProject
Project("{FAE04EC0-301F-11D3-BF4B-00C04F79EFBC}") = "AccountantServiceApi", "AccountantService\AccountantServiceApi.csproj", "{15F35FE5-856E-4F67-8F04-FEFE406AF224}"
EndProject
Project("{FAE04EC0-301F-11D3-BF4B-00C04F79EFBC}") = "ShadyReport", "ShadyReport\ShadyReport.csproj", "{EBEEFA23-ED4F-4F8D-975C-6186A1D06A38}"
EndProject
Project("{FAE04EC0-301F-11D3-BF4B-00C04F79EFBC}") = "NormalReport", "NormalReport\NormalReport.csproj", "{796C1E6A-F8CD-4183-994E-B5A2C3752E4F}"
EndProject
Project("{FAE04EC0-301F-11D3-BF4B-00C04F79EFBC}") = "NormalAccountant", "NormalAccountant\NormalAccountant.csproj", "{0C86820C-548E-4A52-8FFA-301524245ED5}"
EndProject
Project("{2150E333-8FDC-42A3-9474-1A3956D46DE8}") = "Accounting", "Accounting", "{162562CC-9822-4979-8832-3284C6B8A4F5}"
EndProject
Project("{FAE04EC0-301F-11D3-BF4B-00C04F79EFBC}") = "OrderFacadeApi", "Facade\OrderFacadeApi\OrderFacadeApi.csproj", "{A1B86802-F317-43EE-87D2-831D0C3007DC}"
EndProject
Project("{FAE04EC0-301F-11D3-BF4B-00C04F79EFBC}") = "NormalOrder", "Facade\NormalOrder\NormalOrder.csproj", "{2C99B395-BF5E-48E3-B769-E616057E0CE9}"
EndProject
Project("{FAE04EC0-301F-11D3-BF4B-00C04F79EFBC}") = "OrderWithDiscount", "OrderWithDiscount\OrderWithDiscount.csproj", "{85DDB355-B7A1-4524-A4FF-A18AE12BBB79}"
EndProject
Project("{FAE04EC0-301F-11D3-BF4B-00C04F79EFBC}") = "EmployeeFacadeApi", "Facade\EmployeeFacadeApi\EmployeeFacadeApi.csproj", "{7BDDF57A-BEF4-4EED-8CA6-E0C97FA7E5C5}"
EndProject
Project("{FAE04EC0-301F-11D3-BF4B-00C04F79EFBC}") = "NormalEmployee", "NormalEmployee\NormalEmployee.csproj", "{9E1E4E21-46D7-4588-8407-FECC81B1498B}"
EndProject
Project("{FAE04EC0-301F-11D3-BF4B-00C04F79EFBC}") = "ReportFacadeApi", "ReportFacadeApi\ReportFacadeApi.csproj", "{5B53D8E0-2618-4672-B0B6-C7D3EA17FB01}"
EndProject
Project("{FAE04EC0-301F-11D3-BF4B-00C04F79EFBC}") = "ProductFacadeApi", "Facade\ProductFacadeApi\ProductFacadeApi.csproj", "{3521A5A0-0BA9-49B1-BA7A-916BD2FB4DD5}"
EndProject
Project("{FAE04EC0-301F-11D3-BF4B-00C04F79EFBC}") = "NormalProduct", "NormalProduct\NormalProduct.csproj", "{9B6761F1-4A23-4163-8B4E-513B51414023}"
EndProject
Project("{2150E333-8FDC-42A3-9474-1A3956D46DE8}") = "Modules", "Modules", "{0C731A42-AF18-4C40-8B13-FC1FD382E72D}"
EndProject
Project("{FAE04EC0-301F-11D3-BF4B-00C04F79EFBC}") = "Modules", "Modules\Modules.csproj", "{F68C3D19-9FE5-487F-B43E-0AB55CF70CDD}"
EndProject
Project("{FAE04EC0-301F-11D3-BF4B-00C04F79EFBC}") = "StandardReport", "Facade\StandardReport\StandardReport.csproj", "{E77CE759-5C4C-48FE-A82A-0F4264E31CB0}"
EndProject
Global
	GlobalSection(SolutionConfigurationPlatforms) = preSolution
		Debug|Any CPU = Debug|Any CPU
		Release|Any CPU = Release|Any CPU
	EndGlobalSection
	GlobalSection(ProjectConfigurationPlatforms) = postSolution
		{765C6E13-2EC2-4A0C-891B-03B0B1367047}.Debug|Any CPU.ActiveCfg = Debug|Any CPU
		{765C6E13-2EC2-4A0C-891B-03B0B1367047}.Debug|Any CPU.Build.0 = Debug|Any CPU
		{765C6E13-2EC2-4A0C-891B-03B0B1367047}.Release|Any CPU.ActiveCfg = Release|Any CPU
		{765C6E13-2EC2-4A0C-891B-03B0B1367047}.Release|Any CPU.Build.0 = Release|Any CPU
		{0AC2D83A-923D-423C-9E9C-3CAE41249FEA}.Debug|Any CPU.ActiveCfg = Debug|Any CPU
		{0AC2D83A-923D-423C-9E9C-3CAE41249FEA}.Debug|Any CPU.Build.0 = Debug|Any CPU
		{0AC2D83A-923D-423C-9E9C-3CAE41249FEA}.Release|Any CPU.ActiveCfg = Release|Any CPU
		{0AC2D83A-923D-423C-9E9C-3CAE41249FEA}.Release|Any CPU.Build.0 = Release|Any CPU
		{0E81924F-A21B-47B9-BD50-49E8006C813E}.Debug|Any CPU.ActiveCfg = Debug|Any CPU
		{0E81924F-A21B-47B9-BD50-49E8006C813E}.Debug|Any CPU.Build.0 = Debug|Any CPU
		{0E81924F-A21B-47B9-BD50-49E8006C813E}.Release|Any CPU.ActiveCfg = Release|Any CPU
		{0E81924F-A21B-47B9-BD50-49E8006C813E}.Release|Any CPU.Build.0 = Release|Any CPU
		{DEA992FA-422C-4BF1-8C31-72BC24D8D9A8}.Debug|Any CPU.ActiveCfg = Debug|Any CPU
		{DEA992FA-422C-4BF1-8C31-72BC24D8D9A8}.Debug|Any CPU.Build.0 = Debug|Any CPU
		{DEA992FA-422C-4BF1-8C31-72BC24D8D9A8}.Release|Any CPU.ActiveCfg = Release|Any CPU
		{DEA992FA-422C-4BF1-8C31-72BC24D8D9A8}.Release|Any CPU.Build.0 = Release|Any CPU
		{C1ED3ED6-8528-4276-A350-0F1447A0EC17}.Debug|Any CPU.ActiveCfg = Debug|Any CPU
		{C1ED3ED6-8528-4276-A350-0F1447A0EC17}.Debug|Any CPU.Build.0 = Debug|Any CPU
		{C1ED3ED6-8528-4276-A350-0F1447A0EC17}.Release|Any CPU.ActiveCfg = Release|Any CPU
		{C1ED3ED6-8528-4276-A350-0F1447A0EC17}.Release|Any CPU.Build.0 = Release|Any CPU
		{90F44BD5-5984-41DA-BC31-8201B01D786C}.Debug|Any CPU.ActiveCfg = Debug|Any CPU
		{90F44BD5-5984-41DA-BC31-8201B01D786C}.Debug|Any CPU.Build.0 = Debug|Any CPU
		{90F44BD5-5984-41DA-BC31-8201B01D786C}.Release|Any CPU.ActiveCfg = Release|Any CPU
		{90F44BD5-5984-41DA-BC31-8201B01D786C}.Release|Any CPU.Build.0 = Release|Any CPU
		{4143F492-F8BB-4068-92AF-D880AAFACE82}.Debug|Any CPU.ActiveCfg = Debug|Any CPU
		{4143F492-F8BB-4068-92AF-D880AAFACE82}.Debug|Any CPU.Build.0 = Debug|Any CPU
		{4143F492-F8BB-4068-92AF-D880AAFACE82}.Release|Any CPU.ActiveCfg = Release|Any CPU
		{4143F492-F8BB-4068-92AF-D880AAFACE82}.Release|Any CPU.Build.0 = Release|Any CPU
		{A78B60BE-D9AA-449A-95F6-81607DDDE197}.Debug|Any CPU.ActiveCfg = Debug|Any CPU
		{A78B60BE-D9AA-449A-95F6-81607DDDE197}.Debug|Any CPU.Build.0 = Debug|Any CPU
		{A78B60BE-D9AA-449A-95F6-81607DDDE197}.Release|Any CPU.ActiveCfg = Release|Any CPU
		{A78B60BE-D9AA-449A-95F6-81607DDDE197}.Release|Any CPU.Build.0 = Release|Any CPU
		{C966A8CF-40BD-4448-BF19-E5DE839A3B74}.Debug|Any CPU.ActiveCfg = Debug|Any CPU
		{C966A8CF-40BD-4448-BF19-E5DE839A3B74}.Debug|Any CPU.Build.0 = Debug|Any CPU
		{C966A8CF-40BD-4448-BF19-E5DE839A3B74}.Release|Any CPU.ActiveCfg = Release|Any CPU
		{C966A8CF-40BD-4448-BF19-E5DE839A3B74}.Release|Any CPU.Build.0 = Release|Any CPU
		{BDD39A50-96F3-4A72-898C-98E3CDAD6376}.Debug|Any CPU.ActiveCfg = Debug|Any CPU
		{BDD39A50-96F3-4A72-898C-98E3CDAD6376}.Debug|Any CPU.Build.0 = Debug|Any CPU
		{BDD39A50-96F3-4A72-898C-98E3CDAD6376}.Release|Any CPU.ActiveCfg = Release|Any CPU
		{BDD39A50-96F3-4A72-898C-98E3CDAD6376}.Release|Any CPU.Build.0 = Release|Any CPU
		{EB08F13D-4A90-41AB-83A9-8A62C74993B7}.Debug|Any CPU.ActiveCfg = Debug|Any CPU
		{EB08F13D-4A90-41AB-83A9-8A62C74993B7}.Debug|Any CPU.Build.0 = Debug|Any CPU
		{EB08F13D-4A90-41AB-83A9-8A62C74993B7}.Release|Any CPU.ActiveCfg = Release|Any CPU
		{EB08F13D-4A90-41AB-83A9-8A62C74993B7}.Release|Any CPU.Build.0 = Release|Any CPU
		{2D222F67-F2EC-4236-B75C-36E2CE32A36E}.Debug|Any CPU.ActiveCfg = Debug|Any CPU
		{2D222F67-F2EC-4236-B75C-36E2CE32A36E}.Debug|Any CPU.Build.0 = Debug|Any CPU
		{2D222F67-F2EC-4236-B75C-36E2CE32A36E}.Release|Any CPU.ActiveCfg = Release|Any CPU
		{2D222F67-F2EC-4236-B75C-36E2CE32A36E}.Release|Any CPU.Build.0 = Release|Any CPU
		{148445F0-8EBA-4EAC-9ABC-500A3F4CC3E3}.Debug|Any CPU.ActiveCfg = Debug|Any CPU
		{148445F0-8EBA-4EAC-9ABC-500A3F4CC3E3}.Debug|Any CPU.Build.0 = Debug|Any CPU
		{148445F0-8EBA-4EAC-9ABC-500A3F4CC3E3}.Release|Any CPU.ActiveCfg = Release|Any CPU
		{148445F0-8EBA-4EAC-9ABC-500A3F4CC3E3}.Release|Any CPU.Build.0 = Release|Any CPU
		{D2FA3592-3E4E-4A40-B916-983D05192264}.Debug|Any CPU.ActiveCfg = Debug|Any CPU
		{D2FA3592-3E4E-4A40-B916-983D05192264}.Debug|Any CPU.Build.0 = Debug|Any CPU
		{D2FA3592-3E4E-4A40-B916-983D05192264}.Release|Any CPU.ActiveCfg = Release|Any CPU
		{D2FA3592-3E4E-4A40-B916-983D05192264}.Release|Any CPU.Build.0 = Release|Any CPU
		{DF2FD2A0-AB82-4960-B97A-D9B6891AC989}.Debug|Any CPU.ActiveCfg = Debug|Any CPU
		{DF2FD2A0-AB82-4960-B97A-D9B6891AC989}.Debug|Any CPU.Build.0 = Debug|Any CPU
		{DF2FD2A0-AB82-4960-B97A-D9B6891AC989}.Release|Any CPU.ActiveCfg = Release|Any CPU
		{DF2FD2A0-AB82-4960-B97A-D9B6891AC989}.Release|Any CPU.Build.0 = Release|Any CPU
		{FDC3148B-9076-4B01-BDA2-BA6261A5B7DF}.Debug|Any CPU.ActiveCfg = Debug|Any CPU
		{FDC3148B-9076-4B01-BDA2-BA6261A5B7DF}.Debug|Any CPU.Build.0 = Debug|Any CPU
		{FDC3148B-9076-4B01-BDA2-BA6261A5B7DF}.Release|Any CPU.ActiveCfg = Release|Any CPU
		{FDC3148B-9076-4B01-BDA2-BA6261A5B7DF}.Release|Any CPU.Build.0 = Release|Any CPU
		{9893DEF9-5837-4ECD-8BF4-DD01E2A79980}.Debug|Any CPU.ActiveCfg = Debug|Any CPU
		{9893DEF9-5837-4ECD-8BF4-DD01E2A79980}.Debug|Any CPU.Build.0 = Debug|Any CPU
		{9893DEF9-5837-4ECD-8BF4-DD01E2A79980}.Release|Any CPU.ActiveCfg = Release|Any CPU
		{9893DEF9-5837-4ECD-8BF4-DD01E2A79980}.Release|Any CPU.Build.0 = Release|Any CPU
		{9F36D851-2BC8-4632-977B-4D1E85310060}.Debug|Any CPU.ActiveCfg = Debug|Any CPU
		{9F36D851-2BC8-4632-977B-4D1E85310060}.Debug|Any CPU.Build.0 = Debug|Any CPU
		{9F36D851-2BC8-4632-977B-4D1E85310060}.Release|Any CPU.ActiveCfg = Release|Any CPU
		{9F36D851-2BC8-4632-977B-4D1E85310060}.Release|Any CPU.Build.0 = Release|Any CPU
		{E14D44B6-11C8-44BA-8C59-D72732773120}.Debug|Any CPU.ActiveCfg = Debug|Any CPU
		{E14D44B6-11C8-44BA-8C59-D72732773120}.Debug|Any CPU.Build.0 = Debug|Any CPU
		{E14D44B6-11C8-44BA-8C59-D72732773120}.Release|Any CPU.ActiveCfg = Release|Any CPU
		{E14D44B6-11C8-44BA-8C59-D72732773120}.Release|Any CPU.Build.0 = Release|Any CPU
		{14828355-47E2-4AF9-A522-935575B04FDB}.Debug|Any CPU.ActiveCfg = Debug|Any CPU
		{14828355-47E2-4AF9-A522-935575B04FDB}.Debug|Any CPU.Build.0 = Debug|Any CPU
		{14828355-47E2-4AF9-A522-935575B04FDB}.Release|Any CPU.ActiveCfg = Release|Any CPU
		{14828355-47E2-4AF9-A522-935575B04FDB}.Release|Any CPU.Build.0 = Release|Any CPU
		{D1D2C19D-B478-4F2A-B1D4-537B1BFCAF08}.Debug|Any CPU.ActiveCfg = Debug|Any CPU
		{D1D2C19D-B478-4F2A-B1D4-537B1BFCAF08}.Debug|Any CPU.Build.0 = Debug|Any CPU
		{D1D2C19D-B478-4F2A-B1D4-537B1BFCAF08}.Release|Any CPU.ActiveCfg = Release|Any CPU
		{D1D2C19D-B478-4F2A-B1D4-537B1BFCAF08}.Release|Any CPU.Build.0 = Release|Any CPU
		{C1567598-75B5-4571-9C60-351A293CEE72}.Debug|Any CPU.ActiveCfg = Debug|Any CPU
		{C1567598-75B5-4571-9C60-351A293CEE72}.Debug|Any CPU.Build.0 = Debug|Any CPU
		{C1567598-75B5-4571-9C60-351A293CEE72}.Release|Any CPU.ActiveCfg = Release|Any CPU
		{C1567598-75B5-4571-9C60-351A293CEE72}.Release|Any CPU.Build.0 = Release|Any CPU
		{A617DC25-2062-43EC-91CD-6D4A07B494F2}.Debug|Any CPU.ActiveCfg = Debug|Any CPU
		{A617DC25-2062-43EC-91CD-6D4A07B494F2}.Debug|Any CPU.Build.0 = Debug|Any CPU
		{A617DC25-2062-43EC-91CD-6D4A07B494F2}.Release|Any CPU.ActiveCfg = Release|Any CPU
		{A617DC25-2062-43EC-91CD-6D4A07B494F2}.Release|Any CPU.Build.0 = Release|Any CPU
		{AD8B2104-BA23-4081-9654-B1BA477A261C}.Debug|Any CPU.ActiveCfg = Debug|Any CPU
		{AD8B2104-BA23-4081-9654-B1BA477A261C}.Debug|Any CPU.Build.0 = Debug|Any CPU
		{AD8B2104-BA23-4081-9654-B1BA477A261C}.Release|Any CPU.ActiveCfg = Release|Any CPU
		{AD8B2104-BA23-4081-9654-B1BA477A261C}.Release|Any CPU.Build.0 = Release|Any CPU
		{CC5A029C-544F-4BE2-AE2B-8D3EE0077F94}.Debug|Any CPU.ActiveCfg = Debug|Any CPU
		{CC5A029C-544F-4BE2-AE2B-8D3EE0077F94}.Debug|Any CPU.Build.0 = Debug|Any CPU
		{CC5A029C-544F-4BE2-AE2B-8D3EE0077F94}.Release|Any CPU.ActiveCfg = Release|Any CPU
		{CC5A029C-544F-4BE2-AE2B-8D3EE0077F94}.Release|Any CPU.Build.0 = Release|Any CPU
		{CF3AAC8D-A2BA-4183-B599-76841626B7C1}.Debug|Any CPU.ActiveCfg = Debug|Any CPU
		{CF3AAC8D-A2BA-4183-B599-76841626B7C1}.Debug|Any CPU.Build.0 = Debug|Any CPU
		{CF3AAC8D-A2BA-4183-B599-76841626B7C1}.Release|Any CPU.ActiveCfg = Release|Any CPU
		{CF3AAC8D-A2BA-4183-B599-76841626B7C1}.Release|Any CPU.Build.0 = Release|Any CPU
		{7B8AF1D6-E064-44EA-A66F-D206CB58095C}.Debug|Any CPU.ActiveCfg = Debug|Any CPU
		{7B8AF1D6-E064-44EA-A66F-D206CB58095C}.Debug|Any CPU.Build.0 = Debug|Any CPU
		{7B8AF1D6-E064-44EA-A66F-D206CB58095C}.Release|Any CPU.ActiveCfg = Release|Any CPU
		{7B8AF1D6-E064-44EA-A66F-D206CB58095C}.Release|Any CPU.Build.0 = Release|Any CPU
		{CC661C9F-E9B1-47B4-BD68-8057F12FBD58}.Debug|Any CPU.ActiveCfg = Debug|Any CPU
		{CC661C9F-E9B1-47B4-BD68-8057F12FBD58}.Debug|Any CPU.Build.0 = Debug|Any CPU
		{CC661C9F-E9B1-47B4-BD68-8057F12FBD58}.Release|Any CPU.ActiveCfg = Release|Any CPU
		{CC661C9F-E9B1-47B4-BD68-8057F12FBD58}.Release|Any CPU.Build.0 = Release|Any CPU
		{24C0C0DD-88D5-4B23-89E6-1D3C5A2C1328}.Debug|Any CPU.ActiveCfg = Debug|Any CPU
		{24C0C0DD-88D5-4B23-89E6-1D3C5A2C1328}.Debug|Any CPU.Build.0 = Debug|Any CPU
		{24C0C0DD-88D5-4B23-89E6-1D3C5A2C1328}.Release|Any CPU.ActiveCfg = Release|Any CPU
		{24C0C0DD-88D5-4B23-89E6-1D3C5A2C1328}.Release|Any CPU.Build.0 = Release|Any CPU
		{15F35FE5-856E-4F67-8F04-FEFE406AF224}.Debug|Any CPU.ActiveCfg = Debug|Any CPU
		{15F35FE5-856E-4F67-8F04-FEFE406AF224}.Debug|Any CPU.Build.0 = Debug|Any CPU
		{15F35FE5-856E-4F67-8F04-FEFE406AF224}.Release|Any CPU.ActiveCfg = Release|Any CPU
		{15F35FE5-856E-4F67-8F04-FEFE406AF224}.Release|Any CPU.Build.0 = Release|Any CPU
		{EBEEFA23-ED4F-4F8D-975C-6186A1D06A38}.Debug|Any CPU.ActiveCfg = Debug|Any CPU
		{EBEEFA23-ED4F-4F8D-975C-6186A1D06A38}.Debug|Any CPU.Build.0 = Debug|Any CPU
		{EBEEFA23-ED4F-4F8D-975C-6186A1D06A38}.Release|Any CPU.ActiveCfg = Release|Any CPU
		{EBEEFA23-ED4F-4F8D-975C-6186A1D06A38}.Release|Any CPU.Build.0 = Release|Any CPU
		{796C1E6A-F8CD-4183-994E-B5A2C3752E4F}.Debug|Any CPU.ActiveCfg = Debug|Any CPU
		{796C1E6A-F8CD-4183-994E-B5A2C3752E4F}.Debug|Any CPU.Build.0 = Debug|Any CPU
		{796C1E6A-F8CD-4183-994E-B5A2C3752E4F}.Release|Any CPU.ActiveCfg = Release|Any CPU
		{796C1E6A-F8CD-4183-994E-B5A2C3752E4F}.Release|Any CPU.Build.0 = Release|Any CPU
		{0C86820C-548E-4A52-8FFA-301524245ED5}.Debug|Any CPU.ActiveCfg = Debug|Any CPU
		{0C86820C-548E-4A52-8FFA-301524245ED5}.Debug|Any CPU.Build.0 = Debug|Any CPU
		{0C86820C-548E-4A52-8FFA-301524245ED5}.Release|Any CPU.ActiveCfg = Release|Any CPU
		{0C86820C-548E-4A52-8FFA-301524245ED5}.Release|Any CPU.Build.0 = Release|Any CPU
		{A1B86802-F317-43EE-87D2-831D0C3007DC}.Debug|Any CPU.ActiveCfg = Debug|Any CPU
		{A1B86802-F317-43EE-87D2-831D0C3007DC}.Debug|Any CPU.Build.0 = Debug|Any CPU
		{A1B86802-F317-43EE-87D2-831D0C3007DC}.Release|Any CPU.ActiveCfg = Release|Any CPU
		{A1B86802-F317-43EE-87D2-831D0C3007DC}.Release|Any CPU.Build.0 = Release|Any CPU
		{2C99B395-BF5E-48E3-B769-E616057E0CE9}.Debug|Any CPU.ActiveCfg = Debug|Any CPU
		{2C99B395-BF5E-48E3-B769-E616057E0CE9}.Debug|Any CPU.Build.0 = Debug|Any CPU
		{2C99B395-BF5E-48E3-B769-E616057E0CE9}.Release|Any CPU.ActiveCfg = Release|Any CPU
		{2C99B395-BF5E-48E3-B769-E616057E0CE9}.Release|Any CPU.Build.0 = Release|Any CPU
		{85DDB355-B7A1-4524-A4FF-A18AE12BBB79}.Debug|Any CPU.ActiveCfg = Debug|Any CPU
		{85DDB355-B7A1-4524-A4FF-A18AE12BBB79}.Debug|Any CPU.Build.0 = Debug|Any CPU
		{85DDB355-B7A1-4524-A4FF-A18AE12BBB79}.Release|Any CPU.ActiveCfg = Release|Any CPU
		{85DDB355-B7A1-4524-A4FF-A18AE12BBB79}.Release|Any CPU.Build.0 = Release|Any CPU
		{7BDDF57A-BEF4-4EED-8CA6-E0C97FA7E5C5}.Debug|Any CPU.ActiveCfg = Debug|Any CPU
		{7BDDF57A-BEF4-4EED-8CA6-E0C97FA7E5C5}.Debug|Any CPU.Build.0 = Debug|Any CPU
		{7BDDF57A-BEF4-4EED-8CA6-E0C97FA7E5C5}.Release|Any CPU.ActiveCfg = Release|Any CPU
		{7BDDF57A-BEF4-4EED-8CA6-E0C97FA7E5C5}.Release|Any CPU.Build.0 = Release|Any CPU
		{9E1E4E21-46D7-4588-8407-FECC81B1498B}.Debug|Any CPU.ActiveCfg = Debug|Any CPU
		{9E1E4E21-46D7-4588-8407-FECC81B1498B}.Debug|Any CPU.Build.0 = Debug|Any CPU
		{9E1E4E21-46D7-4588-8407-FECC81B1498B}.Release|Any CPU.ActiveCfg = Release|Any CPU
		{9E1E4E21-46D7-4588-8407-FECC81B1498B}.Release|Any CPU.Build.0 = Release|Any CPU
		{5B53D8E0-2618-4672-B0B6-C7D3EA17FB01}.Debug|Any CPU.ActiveCfg = Debug|Any CPU
		{5B53D8E0-2618-4672-B0B6-C7D3EA17FB01}.Debug|Any CPU.Build.0 = Debug|Any CPU
		{5B53D8E0-2618-4672-B0B6-C7D3EA17FB01}.Release|Any CPU.ActiveCfg = Release|Any CPU
		{5B53D8E0-2618-4672-B0B6-C7D3EA17FB01}.Release|Any CPU.Build.0 = Release|Any CPU
		{3521A5A0-0BA9-49B1-BA7A-916BD2FB4DD5}.Debug|Any CPU.ActiveCfg = Debug|Any CPU
		{3521A5A0-0BA9-49B1-BA7A-916BD2FB4DD5}.Debug|Any CPU.Build.0 = Debug|Any CPU
		{3521A5A0-0BA9-49B1-BA7A-916BD2FB4DD5}.Release|Any CPU.ActiveCfg = Release|Any CPU
		{3521A5A0-0BA9-49B1-BA7A-916BD2FB4DD5}.Release|Any CPU.Build.0 = Release|Any CPU
		{9B6761F1-4A23-4163-8B4E-513B51414023}.Debug|Any CPU.ActiveCfg = Debug|Any CPU
		{9B6761F1-4A23-4163-8B4E-513B51414023}.Debug|Any CPU.Build.0 = Debug|Any CPU
		{9B6761F1-4A23-4163-8B4E-513B51414023}.Release|Any CPU.ActiveCfg = Release|Any CPU
		{9B6761F1-4A23-4163-8B4E-513B51414023}.Release|Any CPU.Build.0 = Release|Any CPU
		{F68C3D19-9FE5-487F-B43E-0AB55CF70CDD}.Debug|Any CPU.ActiveCfg = Debug|Any CPU
		{F68C3D19-9FE5-487F-B43E-0AB55CF70CDD}.Debug|Any CPU.Build.0 = Debug|Any CPU
		{F68C3D19-9FE5-487F-B43E-0AB55CF70CDD}.Release|Any CPU.ActiveCfg = Release|Any CPU
		{F68C3D19-9FE5-487F-B43E-0AB55CF70CDD}.Release|Any CPU.Build.0 = Release|Any CPU
		{E77CE759-5C4C-48FE-A82A-0F4264E31CB0}.Debug|Any CPU.ActiveCfg = Debug|Any CPU
		{E77CE759-5C4C-48FE-A82A-0F4264E31CB0}.Debug|Any CPU.Build.0 = Debug|Any CPU
		{E77CE759-5C4C-48FE-A82A-0F4264E31CB0}.Release|Any CPU.ActiveCfg = Release|Any CPU
		{E77CE759-5C4C-48FE-A82A-0F4264E31CB0}.Release|Any CPU.Build.0 = Release|Any CPU
	EndGlobalSection
	GlobalSection(SolutionProperties) = preSolution
		HideSolutionNode = FALSE
	EndGlobalSection
	GlobalSection(NestedProjects) = preSolution
		{0AC2D83A-923D-423C-9E9C-3CAE41249FEA} = {FE1C49CD-4C05-4B29-872A-236D2279C1CD}
		{0E81924F-A21B-47B9-BD50-49E8006C813E} = {FE1C49CD-4C05-4B29-872A-236D2279C1CD}
		{DEA992FA-422C-4BF1-8C31-72BC24D8D9A8} = {FE1C49CD-4C05-4B29-872A-236D2279C1CD}
		{C1ED3ED6-8528-4276-A350-0F1447A0EC17} = {FE1C49CD-4C05-4B29-872A-236D2279C1CD}
		{90F44BD5-5984-41DA-BC31-8201B01D786C} = {FE1C49CD-4C05-4B29-872A-236D2279C1CD}
		{4143F492-F8BB-4068-92AF-D880AAFACE82} = {FE1C49CD-4C05-4B29-872A-236D2279C1CD}
		{A78B60BE-D9AA-449A-95F6-81607DDDE197} = {0532235A-C73F-4710-9B87-80113579765F}
		{C966A8CF-40BD-4448-BF19-E5DE839A3B74} = {9A1B92CA-F10A-4BF8-AA58-8591512434CC}
		{BDD39A50-96F3-4A72-898C-98E3CDAD6376} = {9A1B92CA-F10A-4BF8-AA58-8591512434CC}
		{EB08F13D-4A90-41AB-83A9-8A62C74993B7} = {09F46C72-0532-406E-8792-1DD83998FEFA}
		{2D222F67-F2EC-4236-B75C-36E2CE32A36E} = {09F46C72-0532-406E-8792-1DD83998FEFA}
		{9A1B92CA-F10A-4BF8-AA58-8591512434CC} = {95022D35-5E0F-48D2-BA6A-7FBF8B4E03B5}
		{0532235A-C73F-4710-9B87-80113579765F} = {95022D35-5E0F-48D2-BA6A-7FBF8B4E03B5}
		{09F46C72-0532-406E-8792-1DD83998FEFA} = {95022D35-5E0F-48D2-BA6A-7FBF8B4E03B5}
		{148445F0-8EBA-4EAC-9ABC-500A3F4CC3E3} = {0532235A-C73F-4710-9B87-80113579765F}
		{D2FA3592-3E4E-4A40-B916-983D05192264} = {0532235A-C73F-4710-9B87-80113579765F}
		{DF2FD2A0-AB82-4960-B97A-D9B6891AC989} = {9A1B92CA-F10A-4BF8-AA58-8591512434CC}
		{FDC3148B-9076-4B01-BDA2-BA6261A5B7DF} = {09F46C72-0532-406E-8792-1DD83998FEFA}
		{9893DEF9-5837-4ECD-8BF4-DD01E2A79980} = {8BEDAAD3-7425-467B-8B65-E52E820D255A}
		{9F36D851-2BC8-4632-977B-4D1E85310060} = {8BEDAAD3-7425-467B-8B65-E52E820D255A}
		{E14D44B6-11C8-44BA-8C59-D72732773120} = {243224A6-B2F3-4EFA-843E-4D8ED95448A9}
		{14828355-47E2-4AF9-A522-935575B04FDB} = {BA533F5B-6E78-4407-BB94-DC0E18568864}
		{8BEDAAD3-7425-467B-8B65-E52E820D255A} = {84C1E417-D75D-4F92-8DA0-5EA9A76FEFD0}
		{D1D2C19D-B478-4F2A-B1D4-537B1BFCAF08} = {BA533F5B-6E78-4407-BB94-DC0E18568864}
		{C1567598-75B5-4571-9C60-351A293CEE72} = {C6B9D7F3-4EB6-4BC5-BFE1-70B4817D92F2}
		{A617DC25-2062-43EC-91CD-6D4A07B494F2} = {C6B9D7F3-4EB6-4BC5-BFE1-70B4817D92F2}
		{AD8B2104-BA23-4081-9654-B1BA477A261C} = {C6B9D7F3-4EB6-4BC5-BFE1-70B4817D92F2}
		{CC5A029C-544F-4BE2-AE2B-8D3EE0077F94} = {C6B9D7F3-4EB6-4BC5-BFE1-70B4817D92F2}
		{CF3AAC8D-A2BA-4183-B599-76841626B7C1} = {C6B9D7F3-4EB6-4BC5-BFE1-70B4817D92F2}
		{C6B9D7F3-4EB6-4BC5-BFE1-70B4817D92F2} = {1A599644-EE45-4387-AA78-66E6B7098356}
		{7B8AF1D6-E064-44EA-A66F-D206CB58095C} = {243224A6-B2F3-4EFA-843E-4D8ED95448A9}
		{CC661C9F-E9B1-47B4-BD68-8057F12FBD58} = {243224A6-B2F3-4EFA-843E-4D8ED95448A9}
		{243224A6-B2F3-4EFA-843E-4D8ED95448A9} = {1A599644-EE45-4387-AA78-66E6B7098356}
		{24C0C0DD-88D5-4B23-89E6-1D3C5A2C1328} = {162562CC-9822-4979-8832-3284C6B8A4F5}
		{15F35FE5-856E-4F67-8F04-FEFE406AF224} = {162562CC-9822-4979-8832-3284C6B8A4F5}
		{EBEEFA23-ED4F-4F8D-975C-6186A1D06A38} = {162562CC-9822-4979-8832-3284C6B8A4F5}
		{796C1E6A-F8CD-4183-994E-B5A2C3752E4F} = {162562CC-9822-4979-8832-3284C6B8A4F5}
		{0C86820C-548E-4A52-8FFA-301524245ED5} = {162562CC-9822-4979-8832-3284C6B8A4F5}
		{162562CC-9822-4979-8832-3284C6B8A4F5} = {1A599644-EE45-4387-AA78-66E6B7098356}
		{A1B86802-F317-43EE-87D2-831D0C3007DC} = {9A384E85-34EB-40F2-8E5B-08708BC438D2}
		{2C99B395-BF5E-48E3-B769-E616057E0CE9} = {9A384E85-34EB-40F2-8E5B-08708BC438D2}
		{85DDB355-B7A1-4524-A4FF-A18AE12BBB79} = {9A384E85-34EB-40F2-8E5B-08708BC438D2}
		{7BDDF57A-BEF4-4EED-8CA6-E0C97FA7E5C5} = {9A384E85-34EB-40F2-8E5B-08708BC438D2}
		{9E1E4E21-46D7-4588-8407-FECC81B1498B} = {9A384E85-34EB-40F2-8E5B-08708BC438D2}
		{5B53D8E0-2618-4672-B0B6-C7D3EA17FB01} = {9A384E85-34EB-40F2-8E5B-08708BC438D2}
		{3521A5A0-0BA9-49B1-BA7A-916BD2FB4DD5} = {9A384E85-34EB-40F2-8E5B-08708BC438D2}
		{9B6761F1-4A23-4163-8B4E-513B51414023} = {9A384E85-34EB-40F2-8E5B-08708BC438D2}
		{F68C3D19-9FE5-487F-B43E-0AB55CF70CDD} = {0C731A42-AF18-4C40-8B13-FC1FD382E72D}
		{E77CE759-5C4C-48FE-A82A-0F4264E31CB0} = {9A384E85-34EB-40F2-8E5B-08708BC438D2}
	EndGlobalSection
	GlobalSection(ExtensibilityGlobals) = postSolution
		SolutionGuid = {D0A3CD25-E723-4D84-BB93-A3C5926EE7D5}
	EndGlobalSection
EndGlobal
