
Microsoft Visual Studio Solution File, Format Version 12.00
# Visual Studio 15
VisualStudioVersion = 15.0.27004.2005
MinimumVisualStudioVersion = 10.0.40219.1
Project("{2150E333-8FDC-42A3-9474-1A3956D46DE8}") = "Entities", "Entities", "{95022D35-5E0F-48D2-BA6A-7FBF8B4E03B5}"
EndProject
Project("{FAE04EC0-301F-11D3-BF4B-00C04F79EFBC}") = "TestMain", "TestMain\TestMain.csproj", "{765C6E13-2EC2-4A0C-891B-03B0B1367047}"
EndProject
Project("{2150E333-8FDC-42A3-9474-1A3956D46DE8}") = "Repository", "Repository", "{FE1C49CD-4C05-4B29-872A-236D2279C1CD}"
EndProject
Project("{2150E333-8FDC-42A3-9474-1A3956D46DE8}") = "Services", "Services", "{1A599644-EE45-4387-AA78-66E6B7098356}"
EndProject
Project("{2150E333-8FDC-42A3-9474-1A3956D46DE8}") = "Facade", "Facade", "{9A384E85-34EB-40F2-8E5B-08708BC438D2}"
EndProject
Project("{2150E333-8FDC-42A3-9474-1A3956D46DE8}") = "UI", "UI", "{BA533F5B-6E78-4407-BB94-DC0E18568864}"
EndProject
Project("{2150E333-8FDC-42A3-9474-1A3956D46DE8}") = "Integration", "Integration", "{84C1E417-D75D-4F92-8DA0-5EA9A76FEFD0}"
EndProject
Project("{FAE04EC0-301F-11D3-BF4B-00C04F79EFBC}") = "SalesRepository", "SalesRepository\SalesRepository.csproj", "{0AC2D83A-923D-423C-9E9C-3CAE41249FEA}"
EndProject
Project("{FAE04EC0-301F-11D3-BF4B-00C04F79EFBC}") = "AccountingRepository", "AccountingRepository\AccountingRepository.csproj", "{0E81924F-A21B-47B9-BD50-49E8006C813E}"
EndProject
Project("{FAE04EC0-301F-11D3-BF4B-00C04F79EFBC}") = "WarehouseRepository", "WarehouseRepository\WarehouseRepository.csproj", "{DEA992FA-422C-4BF1-8C31-72BC24D8D9A8}"
EndProject
Project("{FAE04EC0-301F-11D3-BF4B-00C04F79EFBC}") = "WarehouseRepositoryAPI", "RepositoryAPI\WarehouseRepositoryAPI.csproj", "{C1ED3ED6-8528-4276-A350-0F1447A0EC17}"
EndProject
Project("{FAE04EC0-301F-11D3-BF4B-00C04F79EFBC}") = "SalesRepositoryAPI", "SalesRepositoryAPI\SalesRepositoryAPI.csproj", "{90F44BD5-5984-41DA-BC31-8201B01D786C}"
EndProject
Project("{FAE04EC0-301F-11D3-BF4B-00C04F79EFBC}") = "AccountingRepositoryAPI", "AccountingRepositoryAPI\AccountingRepositoryAPI.csproj", "{4143F492-F8BB-4068-92AF-D880AAFACE82}"
EndProject
Project("{FAE04EC0-301F-11D3-BF4B-00C04F79EFBC}") = "FinanceAccounting", "FinanceAccounting\FinanceAccounting.csproj", "{A78B60BE-D9AA-449A-95F6-81607DDDE197}"
EndProject
Project("{FAE04EC0-301F-11D3-BF4B-00C04F79EFBC}") = "SeniorSales", "PaperSales\SeniorSales.csproj", "{C966A8CF-40BD-4448-BF19-E5DE839A3B74}"
EndProject
Project("{FAE04EC0-301F-11D3-BF4B-00C04F79EFBC}") = "AssociateSales", "PrinterSales\AssociateSales.csproj", "{BDD39A50-96F3-4A72-898C-98E3CDAD6376}"
EndProject
Project("{FAE04EC0-301F-11D3-BF4B-00C04F79EFBC}") = "PaperDivision", "ImportWarehouse\PaperDivision.csproj", "{EB08F13D-4A90-41AB-83A9-8A62C74993B7}"
EndProject
Project("{FAE04EC0-301F-11D3-BF4B-00C04F79EFBC}") = "PrinterDivision", "ExportWarehouse\PrinterDivision.csproj", "{2D222F67-F2EC-4236-B75C-36E2CE32A36E}"
EndProject
Project("{2150E333-8FDC-42A3-9474-1A3956D46DE8}") = "Sales", "Sales", "{9A1B92CA-F10A-4BF8-AA58-8591512434CC}"
EndProject
Project("{2150E333-8FDC-42A3-9474-1A3956D46DE8}") = "Accounting", "Accounting", "{0532235A-C73F-4710-9B87-80113579765F}"
EndProject
Project("{2150E333-8FDC-42A3-9474-1A3956D46DE8}") = "Warehouse", "Warehouse", "{09F46C72-0532-406E-8792-1DD83998FEFA}"
EndProject
Project("{FAE04EC0-301F-11D3-BF4B-00C04F79EFBC}") = "ManagementAccounting", "ManagementAccounting\ManagementAccounting.csproj", "{148445F0-8EBA-4EAC-9ABC-500A3F4CC3E3}"
EndProject
Project("{FAE04EC0-301F-11D3-BF4B-00C04F79EFBC}") = "AccountingAPI", "AccountingAPI\AccountingAPI.csproj", "{D2FA3592-3E4E-4A40-B916-983D05192264}"
EndProject
Project("{FAE04EC0-301F-11D3-BF4B-00C04F79EFBC}") = "SalesAPI", "SalesAPI\SalesAPI.csproj", "{DF2FD2A0-AB82-4960-B97A-D9B6891AC989}"
EndProject
Project("{FAE04EC0-301F-11D3-BF4B-00C04F79EFBC}") = "WarehouseAPI", "WarehouseAPI\WarehouseAPI.csproj", "{FDC3148B-9076-4B01-BDA2-BA6261A5B7DF}"
EndProject
Project("{FAE04EC0-301F-11D3-BF4B-00C04F79EFBC}") = "Gmail", "Mail\Gmail.csproj", "{9893DEF9-5837-4ECD-8BF4-DD01E2A79980}"
EndProject
Project("{FAE04EC0-301F-11D3-BF4B-00C04F79EFBC}") = "MailAPI", "MailAPI\MailAPI.csproj", "{9F36D851-2BC8-4632-977B-4D1E85310060}"
EndProject
Project("{FAE04EC0-301F-11D3-BF4B-00C04F79EFBC}") = "DeliveryServiceFacade", "OrderFacade\DeliveryServiceFacade.csproj", "{DA49A3D8-E776-4C7B-9DB3-CB9E291FE636}"
EndProject
Project("{2150E333-8FDC-42A3-9474-1A3956D46DE8}") = "Api", "Api", "{94198FC4-10DD-4412-8651-5632CD3FE14B}"
EndProject
Project("{2150E333-8FDC-42A3-9474-1A3956D46DE8}") = "ExternalAPI", "ExternalAPI", "{0A13597C-7578-4B28-9364-8BCC73F44C3E}"
EndProject
Project("{FAE04EC0-301F-11D3-BF4B-00C04F79EFBC}") = "SalesServiceApi", "ServiceApi\SalesServiceApi.csproj", "{C9EEB4BE-A627-4E95-BED9-2D40890664A7}"
EndProject
Project("{FAE04EC0-301F-11D3-BF4B-00C04F79EFBC}") = "WarehouseServiceApi", "WarehouseServiceApi\WarehouseServiceApi.csproj", "{E14D44B6-11C8-44BA-8C59-D72732773120}"
EndProject
Project("{FAE04EC0-301F-11D3-BF4B-00C04F79EFBC}") = "WarehouseServices", "WarehouseService\WarehouseServices.csproj", "{034016FD-1E61-4EDA-AA20-B4C94C0012AA}"
EndProject
Project("{2150E333-8FDC-42A3-9474-1A3956D46DE8}") = "Api", "Api", "{87E4D492-994A-47E8-B259-95A5911DB436}"
EndProject
Project("{FAE04EC0-301F-11D3-BF4B-00C04F79EFBC}") = "SalesServices", "SalesService\SalesServices.csproj", "{FC4FCB79-D804-4895-A58C-4ED10C0F3BDF}"
EndProject
Project("{FAE04EC0-301F-11D3-BF4B-00C04F79EFBC}") = "AccountingServiceApi", "AccountingServiceApi\AccountingServiceApi.csproj", "{940DDA39-0E26-44F9-8AA1-D454362ABAFC}"
EndProject
Project("{FAE04EC0-301F-11D3-BF4B-00C04F79EFBC}") = "AccountingServices", "AccountingServices\AccountingServices.csproj", "{72C00158-EA0D-4CD7-B7B2-9F09C411985A}"
EndProject
Global
	GlobalSection(SolutionConfigurationPlatforms) = preSolution
		Debug|Any CPU = Debug|Any CPU
		Release|Any CPU = Release|Any CPU
	EndGlobalSection
	GlobalSection(ProjectConfigurationPlatforms) = postSolution
		{765C6E13-2EC2-4A0C-891B-03B0B1367047}.Debug|Any CPU.ActiveCfg = Debug|Any CPU
		{765C6E13-2EC2-4A0C-891B-03B0B1367047}.Debug|Any CPU.Build.0 = Debug|Any CPU
		{765C6E13-2EC2-4A0C-891B-03B0B1367047}.Release|Any CPU.ActiveCfg = Release|Any CPU
		{765C6E13-2EC2-4A0C-891B-03B0B1367047}.Release|Any CPU.Build.0 = Release|Any CPU
		{0AC2D83A-923D-423C-9E9C-3CAE41249FEA}.Debug|Any CPU.ActiveCfg = Debug|Any CPU
		{0AC2D83A-923D-423C-9E9C-3CAE41249FEA}.Debug|Any CPU.Build.0 = Debug|Any CPU
		{0AC2D83A-923D-423C-9E9C-3CAE41249FEA}.Release|Any CPU.ActiveCfg = Release|Any CPU
		{0AC2D83A-923D-423C-9E9C-3CAE41249FEA}.Release|Any CPU.Build.0 = Release|Any CPU
		{0E81924F-A21B-47B9-BD50-49E8006C813E}.Debug|Any CPU.ActiveCfg = Debug|Any CPU
		{0E81924F-A21B-47B9-BD50-49E8006C813E}.Debug|Any CPU.Build.0 = Debug|Any CPU
		{0E81924F-A21B-47B9-BD50-49E8006C813E}.Release|Any CPU.ActiveCfg = Release|Any CPU
		{0E81924F-A21B-47B9-BD50-49E8006C813E}.Release|Any CPU.Build.0 = Release|Any CPU
		{DEA992FA-422C-4BF1-8C31-72BC24D8D9A8}.Debug|Any CPU.ActiveCfg = Debug|Any CPU
		{DEA992FA-422C-4BF1-8C31-72BC24D8D9A8}.Debug|Any CPU.Build.0 = Debug|Any CPU
		{DEA992FA-422C-4BF1-8C31-72BC24D8D9A8}.Release|Any CPU.ActiveCfg = Release|Any CPU
		{DEA992FA-422C-4BF1-8C31-72BC24D8D9A8}.Release|Any CPU.Build.0 = Release|Any CPU
		{C1ED3ED6-8528-4276-A350-0F1447A0EC17}.Debug|Any CPU.ActiveCfg = Debug|Any CPU
		{C1ED3ED6-8528-4276-A350-0F1447A0EC17}.Debug|Any CPU.Build.0 = Debug|Any CPU
		{C1ED3ED6-8528-4276-A350-0F1447A0EC17}.Release|Any CPU.ActiveCfg = Release|Any CPU
		{C1ED3ED6-8528-4276-A350-0F1447A0EC17}.Release|Any CPU.Build.0 = Release|Any CPU
		{90F44BD5-5984-41DA-BC31-8201B01D786C}.Debug|Any CPU.ActiveCfg = Debug|Any CPU
		{90F44BD5-5984-41DA-BC31-8201B01D786C}.Debug|Any CPU.Build.0 = Debug|Any CPU
		{90F44BD5-5984-41DA-BC31-8201B01D786C}.Release|Any CPU.ActiveCfg = Release|Any CPU
		{90F44BD5-5984-41DA-BC31-8201B01D786C}.Release|Any CPU.Build.0 = Release|Any CPU
		{4143F492-F8BB-4068-92AF-D880AAFACE82}.Debug|Any CPU.ActiveCfg = Debug|Any CPU
		{4143F492-F8BB-4068-92AF-D880AAFACE82}.Debug|Any CPU.Build.0 = Debug|Any CPU
		{4143F492-F8BB-4068-92AF-D880AAFACE82}.Release|Any CPU.ActiveCfg = Release|Any CPU
		{4143F492-F8BB-4068-92AF-D880AAFACE82}.Release|Any CPU.Build.0 = Release|Any CPU
		{A78B60BE-D9AA-449A-95F6-81607DDDE197}.Debug|Any CPU.ActiveCfg = Debug|Any CPU
		{A78B60BE-D9AA-449A-95F6-81607DDDE197}.Debug|Any CPU.Build.0 = Debug|Any CPU
		{A78B60BE-D9AA-449A-95F6-81607DDDE197}.Release|Any CPU.ActiveCfg = Release|Any CPU
		{A78B60BE-D9AA-449A-95F6-81607DDDE197}.Release|Any CPU.Build.0 = Release|Any CPU
		{C966A8CF-40BD-4448-BF19-E5DE839A3B74}.Debug|Any CPU.ActiveCfg = Debug|Any CPU
		{C966A8CF-40BD-4448-BF19-E5DE839A3B74}.Debug|Any CPU.Build.0 = Debug|Any CPU
		{C966A8CF-40BD-4448-BF19-E5DE839A3B74}.Release|Any CPU.ActiveCfg = Release|Any CPU
		{C966A8CF-40BD-4448-BF19-E5DE839A3B74}.Release|Any CPU.Build.0 = Release|Any CPU
		{BDD39A50-96F3-4A72-898C-98E3CDAD6376}.Debug|Any CPU.ActiveCfg = Debug|Any CPU
		{BDD39A50-96F3-4A72-898C-98E3CDAD6376}.Debug|Any CPU.Build.0 = Debug|Any CPU
		{BDD39A50-96F3-4A72-898C-98E3CDAD6376}.Release|Any CPU.ActiveCfg = Release|Any CPU
		{BDD39A50-96F3-4A72-898C-98E3CDAD6376}.Release|Any CPU.Build.0 = Release|Any CPU
		{EB08F13D-4A90-41AB-83A9-8A62C74993B7}.Debug|Any CPU.ActiveCfg = Debug|Any CPU
		{EB08F13D-4A90-41AB-83A9-8A62C74993B7}.Debug|Any CPU.Build.0 = Debug|Any CPU
		{EB08F13D-4A90-41AB-83A9-8A62C74993B7}.Release|Any CPU.ActiveCfg = Release|Any CPU
		{EB08F13D-4A90-41AB-83A9-8A62C74993B7}.Release|Any CPU.Build.0 = Release|Any CPU
		{2D222F67-F2EC-4236-B75C-36E2CE32A36E}.Debug|Any CPU.ActiveCfg = Debug|Any CPU
		{2D222F67-F2EC-4236-B75C-36E2CE32A36E}.Debug|Any CPU.Build.0 = Debug|Any CPU
		{2D222F67-F2EC-4236-B75C-36E2CE32A36E}.Release|Any CPU.ActiveCfg = Release|Any CPU
		{2D222F67-F2EC-4236-B75C-36E2CE32A36E}.Release|Any CPU.Build.0 = Release|Any CPU
		{148445F0-8EBA-4EAC-9ABC-500A3F4CC3E3}.Debug|Any CPU.ActiveCfg = Debug|Any CPU
		{148445F0-8EBA-4EAC-9ABC-500A3F4CC3E3}.Debug|Any CPU.Build.0 = Debug|Any CPU
		{148445F0-8EBA-4EAC-9ABC-500A3F4CC3E3}.Release|Any CPU.ActiveCfg = Release|Any CPU
		{148445F0-8EBA-4EAC-9ABC-500A3F4CC3E3}.Release|Any CPU.Build.0 = Release|Any CPU
		{D2FA3592-3E4E-4A40-B916-983D05192264}.Debug|Any CPU.ActiveCfg = Debug|Any CPU
		{D2FA3592-3E4E-4A40-B916-983D05192264}.Debug|Any CPU.Build.0 = Debug|Any CPU
		{D2FA3592-3E4E-4A40-B916-983D05192264}.Release|Any CPU.ActiveCfg = Release|Any CPU
		{D2FA3592-3E4E-4A40-B916-983D05192264}.Release|Any CPU.Build.0 = Release|Any CPU
		{DF2FD2A0-AB82-4960-B97A-D9B6891AC989}.Debug|Any CPU.ActiveCfg = Debug|Any CPU
		{DF2FD2A0-AB82-4960-B97A-D9B6891AC989}.Debug|Any CPU.Build.0 = Debug|Any CPU
		{DF2FD2A0-AB82-4960-B97A-D9B6891AC989}.Release|Any CPU.ActiveCfg = Release|Any CPU
		{DF2FD2A0-AB82-4960-B97A-D9B6891AC989}.Release|Any CPU.Build.0 = Release|Any CPU
		{FDC3148B-9076-4B01-BDA2-BA6261A5B7DF}.Debug|Any CPU.ActiveCfg = Debug|Any CPU
		{FDC3148B-9076-4B01-BDA2-BA6261A5B7DF}.Debug|Any CPU.Build.0 = Debug|Any CPU
		{FDC3148B-9076-4B01-BDA2-BA6261A5B7DF}.Release|Any CPU.ActiveCfg = Release|Any CPU
		{FDC3148B-9076-4B01-BDA2-BA6261A5B7DF}.Release|Any CPU.Build.0 = Release|Any CPU
		{9893DEF9-5837-4ECD-8BF4-DD01E2A79980}.Debug|Any CPU.ActiveCfg = Debug|Any CPU
		{9893DEF9-5837-4ECD-8BF4-DD01E2A79980}.Debug|Any CPU.Build.0 = Debug|Any CPU
		{9893DEF9-5837-4ECD-8BF4-DD01E2A79980}.Release|Any CPU.ActiveCfg = Release|Any CPU
		{9893DEF9-5837-4ECD-8BF4-DD01E2A79980}.Release|Any CPU.Build.0 = Release|Any CPU
		{9F36D851-2BC8-4632-977B-4D1E85310060}.Debug|Any CPU.ActiveCfg = Debug|Any CPU
		{9F36D851-2BC8-4632-977B-4D1E85310060}.Debug|Any CPU.Build.0 = Debug|Any CPU
		{9F36D851-2BC8-4632-977B-4D1E85310060}.Release|Any CPU.ActiveCfg = Release|Any CPU
		{9F36D851-2BC8-4632-977B-4D1E85310060}.Release|Any CPU.Build.0 = Release|Any CPU
		{DA49A3D8-E776-4C7B-9DB3-CB9E291FE636}.Debug|Any CPU.ActiveCfg = Debug|Any CPU
		{DA49A3D8-E776-4C7B-9DB3-CB9E291FE636}.Debug|Any CPU.Build.0 = Debug|Any CPU
		{DA49A3D8-E776-4C7B-9DB3-CB9E291FE636}.Release|Any CPU.ActiveCfg = Release|Any CPU
		{DA49A3D8-E776-4C7B-9DB3-CB9E291FE636}.Release|Any CPU.Build.0 = Release|Any CPU
		{C9EEB4BE-A627-4E95-BED9-2D40890664A7}.Debug|Any CPU.ActiveCfg = Debug|Any CPU
		{C9EEB4BE-A627-4E95-BED9-2D40890664A7}.Debug|Any CPU.Build.0 = Debug|Any CPU
		{C9EEB4BE-A627-4E95-BED9-2D40890664A7}.Release|Any CPU.ActiveCfg = Release|Any CPU
		{C9EEB4BE-A627-4E95-BED9-2D40890664A7}.Release|Any CPU.Build.0 = Release|Any CPU
		{E14D44B6-11C8-44BA-8C59-D72732773120}.Debug|Any CPU.ActiveCfg = Debug|Any CPU
		{E14D44B6-11C8-44BA-8C59-D72732773120}.Debug|Any CPU.Build.0 = Debug|Any CPU
		{E14D44B6-11C8-44BA-8C59-D72732773120}.Release|Any CPU.ActiveCfg = Release|Any CPU
		{E14D44B6-11C8-44BA-8C59-D72732773120}.Release|Any CPU.Build.0 = Release|Any CPU
		{034016FD-1E61-4EDA-AA20-B4C94C0012AA}.Debug|Any CPU.ActiveCfg = Debug|Any CPU
		{034016FD-1E61-4EDA-AA20-B4C94C0012AA}.Debug|Any CPU.Build.0 = Debug|Any CPU
		{034016FD-1E61-4EDA-AA20-B4C94C0012AA}.Release|Any CPU.ActiveCfg = Release|Any CPU
		{034016FD-1E61-4EDA-AA20-B4C94C0012AA}.Release|Any CPU.Build.0 = Release|Any CPU
		{FC4FCB79-D804-4895-A58C-4ED10C0F3BDF}.Debug|Any CPU.ActiveCfg = Debug|Any CPU
		{FC4FCB79-D804-4895-A58C-4ED10C0F3BDF}.Debug|Any CPU.Build.0 = Debug|Any CPU
		{FC4FCB79-D804-4895-A58C-4ED10C0F3BDF}.Release|Any CPU.ActiveCfg = Release|Any CPU
		{FC4FCB79-D804-4895-A58C-4ED10C0F3BDF}.Release|Any CPU.Build.0 = Release|Any CPU
		{940DDA39-0E26-44F9-8AA1-D454362ABAFC}.Debug|Any CPU.ActiveCfg = Debug|Any CPU
		{940DDA39-0E26-44F9-8AA1-D454362ABAFC}.Debug|Any CPU.Build.0 = Debug|Any CPU
		{940DDA39-0E26-44F9-8AA1-D454362ABAFC}.Release|Any CPU.ActiveCfg = Release|Any CPU
		{940DDA39-0E26-44F9-8AA1-D454362ABAFC}.Release|Any CPU.Build.0 = Release|Any CPU
		{72C00158-EA0D-4CD7-B7B2-9F09C411985A}.Debug|Any CPU.ActiveCfg = Debug|Any CPU
		{72C00158-EA0D-4CD7-B7B2-9F09C411985A}.Debug|Any CPU.Build.0 = Debug|Any CPU
		{72C00158-EA0D-4CD7-B7B2-9F09C411985A}.Release|Any CPU.ActiveCfg = Release|Any CPU
		{72C00158-EA0D-4CD7-B7B2-9F09C411985A}.Release|Any CPU.Build.0 = Release|Any CPU
	EndGlobalSection
	GlobalSection(SolutionProperties) = preSolution
		HideSolutionNode = FALSE
	EndGlobalSection
	GlobalSection(NestedProjects) = preSolution
		{0AC2D83A-923D-423C-9E9C-3CAE41249FEA} = {FE1C49CD-4C05-4B29-872A-236D2279C1CD}
		{0E81924F-A21B-47B9-BD50-49E8006C813E} = {FE1C49CD-4C05-4B29-872A-236D2279C1CD}
		{DEA992FA-422C-4BF1-8C31-72BC24D8D9A8} = {FE1C49CD-4C05-4B29-872A-236D2279C1CD}
		{C1ED3ED6-8528-4276-A350-0F1447A0EC17} = {94198FC4-10DD-4412-8651-5632CD3FE14B}
		{90F44BD5-5984-41DA-BC31-8201B01D786C} = {94198FC4-10DD-4412-8651-5632CD3FE14B}
		{4143F492-F8BB-4068-92AF-D880AAFACE82} = {94198FC4-10DD-4412-8651-5632CD3FE14B}
		{A78B60BE-D9AA-449A-95F6-81607DDDE197} = {0532235A-C73F-4710-9B87-80113579765F}
		{C966A8CF-40BD-4448-BF19-E5DE839A3B74} = {9A1B92CA-F10A-4BF8-AA58-8591512434CC}
		{BDD39A50-96F3-4A72-898C-98E3CDAD6376} = {9A1B92CA-F10A-4BF8-AA58-8591512434CC}
		{EB08F13D-4A90-41AB-83A9-8A62C74993B7} = {09F46C72-0532-406E-8792-1DD83998FEFA}
		{2D222F67-F2EC-4236-B75C-36E2CE32A36E} = {09F46C72-0532-406E-8792-1DD83998FEFA}
		{9A1B92CA-F10A-4BF8-AA58-8591512434CC} = {95022D35-5E0F-48D2-BA6A-7FBF8B4E03B5}
		{0532235A-C73F-4710-9B87-80113579765F} = {95022D35-5E0F-48D2-BA6A-7FBF8B4E03B5}
		{09F46C72-0532-406E-8792-1DD83998FEFA} = {95022D35-5E0F-48D2-BA6A-7FBF8B4E03B5}
		{148445F0-8EBA-4EAC-9ABC-500A3F4CC3E3} = {0532235A-C73F-4710-9B87-80113579765F}
		{D2FA3592-3E4E-4A40-B916-983D05192264} = {0532235A-C73F-4710-9B87-80113579765F}
		{DF2FD2A0-AB82-4960-B97A-D9B6891AC989} = {9A1B92CA-F10A-4BF8-AA58-8591512434CC}
		{FDC3148B-9076-4B01-BDA2-BA6261A5B7DF} = {09F46C72-0532-406E-8792-1DD83998FEFA}
		{9893DEF9-5837-4ECD-8BF4-DD01E2A79980} = {84C1E417-D75D-4F92-8DA0-5EA9A76FEFD0}
		{9F36D851-2BC8-4632-977B-4D1E85310060} = {0A13597C-7578-4B28-9364-8BCC73F44C3E}
		{DA49A3D8-E776-4C7B-9DB3-CB9E291FE636} = {9A384E85-34EB-40F2-8E5B-08708BC438D2}
		{94198FC4-10DD-4412-8651-5632CD3FE14B} = {FE1C49CD-4C05-4B29-872A-236D2279C1CD}
		{0A13597C-7578-4B28-9364-8BCC73F44C3E} = {84C1E417-D75D-4F92-8DA0-5EA9A76FEFD0}
		{C9EEB4BE-A627-4E95-BED9-2D40890664A7} = {87E4D492-994A-47E8-B259-95A5911DB436}
		{E14D44B6-11C8-44BA-8C59-D72732773120} = {87E4D492-994A-47E8-B259-95A5911DB436}
		{034016FD-1E61-4EDA-AA20-B4C94C0012AA} = {1A599644-EE45-4387-AA78-66E6B7098356}
		{87E4D492-994A-47E8-B259-95A5911DB436} = {1A599644-EE45-4387-AA78-66E6B7098356}
		{FC4FCB79-D804-4895-A58C-4ED10C0F3BDF} = {1A599644-EE45-4387-AA78-66E6B7098356}
		{940DDA39-0E26-44F9-8AA1-D454362ABAFC} = {87E4D492-994A-47E8-B259-95A5911DB436}
		{72C00158-EA0D-4CD7-B7B2-9F09C411985A} = {1A599644-EE45-4387-AA78-66E6B7098356}
	EndGlobalSection
	GlobalSection(ExtensibilityGlobals) = postSolution
		SolutionGuid = {D0A3CD25-E723-4D84-BB93-A3C5926EE7D5}
	EndGlobalSection
EndGlobal
